
Microsoft Visual Studio Solution File, Format Version 12.00
# Visual Studio 15
VisualStudioVersion = 15.0.28307.1800
MinimumVisualStudioVersion = 10.0.40219.1
Project("{159641D6-6404-4A2A-AE62-294DE0FE8301}") = "Automobile", "Automobile\Automobile.dtproj", "{BE1F2932-8B2D-453D-9EF2-A4D2AA664BD8}"
EndProject
Global
	GlobalSection(SolutionConfigurationPlatforms) = preSolution
		Development|Default = Development|Default
	EndGlobalSection
	GlobalSection(ProjectConfigurationPlatforms) = postSolution
		{BE1F2932-8B2D-453D-9EF2-A4D2AA664BD8}.Development|Default.ActiveCfg = Development
		{BE1F2932-8B2D-453D-9EF2-A4D2AA664BD8}.Development|Default.Build.0 = Development
	EndGlobalSection
	GlobalSection(SolutionProperties) = preSolution
		HideSolutionNode = FALSE
	EndGlobalSection
	GlobalSection(ExtensibilityGlobals) = postSolution
		SolutionGuid = {21B1CD62-0137-434C-BA48-80E3605A78FD}
	EndGlobalSection
EndGlobal
